{
  "nodes": {
    "advisory-db": {
      "flake": false,
      "locked": {
        "lastModified": 1771962138,
        "narHash": "sha256-HknE89Bo4vE39P/vs4nAj7qabwmoGteH2R0Bw1uU/bg=",
        "owner": "rustsec",
        "repo": "advisory-db",
        "rev": "1255b9bb76211a752024e8d11cd36babc08211c9",
        "type": "github"
      },
      "original": {
        "owner": "rustsec",
        "repo": "advisory-db",
        "type": "github"
      }
    },
    "crane": {
      "locked": {
        "lastModified": 1771796463,
        "narHash": "sha256-9bCDuUzpwJXcHMQYMS1yNuzYMmKO/CCwCexpjWOl62I=",
        "owner": "ipetkov",
        "repo": "crane",
        "rev": "3d3de3313e263e04894f284ac18177bd26169bad",
        "type": "github"
      },
      "original": {
        "owner": "ipetkov",
        "repo": "crane",
        "type": "github"
      }
    },
    "flake-parts": {
      "inputs": {
        "nixpkgs-lib": "nixpkgs-lib"
      },
      "locked": {
        "lastModified": 1769996383,
        "narHash": "sha256-AnYjnFWgS49RlqX7LrC4uA+sCCDBj0Ry/WOJ5XWAsa0=",
        "owner": "hercules-ci",
        "repo": "flake-parts",
        "rev": "57928607ea566b5db3ad13af0e57e921e6b12381",
        "type": "github"
      },
      "original": {
        "owner": "hercules-ci",
        "repo": "flake-parts",
        "type": "github"
      }
    },
    "nixpkgs": {
      "locked": {
        "lastModified": 1770781623,
        "narHash": "sha256-RYEMTlGCVc67pxVxjOlGd8w6fpF7Bur7gKL88FB0WTs=",
        "owner": "NixOS",
        "repo": "nixpkgs",
        "rev": "c05d2232d2feaa4c7a07f1168606917402868195",
        "type": "github"
      },
      "original": {
        "owner": "NixOS",
        "ref": "nixpkgs-unstable",
        "repo": "nixpkgs",
        "type": "github"
      }
    },
    "nixpkgs-lib": {
      "locked": {
        "lastModified": 1769909678,
        "narHash": "sha256-cBEymOf4/o3FD5AZnzC3J9hLbiZ+QDT/KDuyHXVJOpM=",
        "owner": "nix-community",
        "repo": "nixpkgs.lib",
        "rev": "72716169fe93074c333e8d0173151350670b824c",
        "type": "github"
      },
      "original": {
        "owner": "nix-community",
        "repo": "nixpkgs.lib",
        "type": "github"
      }
    },
    "root": {
      "inputs": {
        "advisory-db": "advisory-db",
        "crane": "crane",
        "flake-parts": "flake-parts",
        "nixpkgs": "nixpkgs",
        "rust-overlay": "rust-overlay"
      }
    },
    "rust-overlay": {
      "inputs": {
        "nixpkgs": [
          "nixpkgs"
        ]
      },
      "locked": {
        "lastModified": 1771988922,
        "narHash": "sha256-Fc6FHXtfEkLtuVJzd0B6tFYMhmcPLuxr90rWfb/2jtQ=",
        "owner": "oxalica",
        "repo": "rust-overlay",
        "rev": "f4443dc3f0b6c5e6b77d923156943ce816d1fcb9",
        "type": "github"
      },
      "original": {
        "owner": "oxalica",
        "repo": "rust-overlay",
        "type": "github"
      }
    }
  },
  "root": "root",
  "version": 7
}
